
Microsoft Visual Studio Solution File, Format Version 12.00
# Visual Studio Version 16
VisualStudioVersion = 16.0.32228.343
MinimumVisualStudioVersion = 10.0.40219.1
Project("{FAE04EC0-301F-11D3-BF4B-00C04F79EFBC}") = "StacksAndQueues", "StacksAndQueues\StacksAndQueues.csproj", "{293F7BB4-FF75-451F-B93A-8A00AA1328E2}"
EndProject
Global
	GlobalSection(SolutionConfigurationPlatforms) = preSolution
		Debug|Any CPU = Debug|Any CPU
		Release|Any CPU = Release|Any CPU
	EndGlobalSection
	GlobalSection(ProjectConfigurationPlatforms) = postSolution
		{293F7BB4-FF75-451F-B93A-8A00AA1328E2}.Debug|Any CPU.ActiveCfg = Debug|Any CPU
		{293F7BB4-FF75-451F-B93A-8A00AA1328E2}.Debug|Any CPU.Build.0 = Debug|Any CPU
		{293F7BB4-FF75-451F-B93A-8A00AA1328E2}.Release|Any CPU.ActiveCfg = Release|Any CPU
		{293F7BB4-FF75-451F-B93A-8A00AA1328E2}.Release|Any CPU.Build.0 = Release|Any CPU
	EndGlobalSection
	GlobalSection(SolutionProperties) = preSolution
		HideSolutionNode = FALSE
	EndGlobalSection
	GlobalSection(ExtensibilityGlobals) = postSolution
		SolutionGuid = {48F41711-22A4-44DD-9597-4334DF633EB7}
	EndGlobalSection
EndGlobal
